<?xml version="1.0" encoding="utf-8"?>
<Project ToolsVersion="4.0" xmlns="http://schemas.microsoft.com/developer/msbuild/2003">
  <ItemGroup>
    <Filter Include="resource">
      <UniqueIdentifier>{67DA6AB6-F800-4c08-8B7A-83BB121AAD01}</UniqueIdentifier>
      <Extensions>rc;ico;cur;bmp;dlg;rc2;rct;bin;rgs;gif;jpg;jpeg;jpe;resx;tiff;tif;png;wav;mfcribbon-ms</Extensions>
    </Filter>
    <Filter Include="resource\Picture">
      <UniqueIdentifier>{2409cc7a-ed2d-4df2-b066-6f2be256d31b}</UniqueIdentifier>
    </Filter>
    <Filter Include="Shader">
      <UniqueIdentifier>{b4172b97-4acb-4d73-ad46-e0ca2cc848f9}</UniqueIdentifier>
    </Filter>
    <Filter Include="Source">
      <UniqueIdentifier>{4FC737F1-C7A5-4376-A066-2A32D752A2FF}</UniqueIdentifier>
      <Extensions>cpp;c;cc;cxx;c++;cppm;ixx;def;odl;idl;hpj;bat;asm;asmx</Extensions>
    </Filter>
    <Filter Include="Source\Manager">
      <UniqueIdentifier>{e8b6e608-4dcb-4c0c-9034-a862e73734af}</UniqueIdentifier>
    </Filter>
    <Filter Include="Head">
      <UniqueIdentifier>{93995380-89BD-4b04-88EB-625FBE52EBFB}</UniqueIdentifier>
      <Extensions>h;hh;hpp;hxx;h++;hm;inl;inc;ipp;xsd</Extensions>
    </Filter>
    <Filter Include="Head\Manager">
      <UniqueIdentifier>{0a84c790-c6bf-4357-b0de-ac6a321872e8}</UniqueIdentifier>
    </Filter>
    <Filter Include="Head\Plugin">
      <UniqueIdentifier>{e8da629f-5537-4c78-a6f1-d871e52244b8}</UniqueIdentifier>
    </Filter>
    <Filter Include="Head\Tool">
      <UniqueIdentifier>{727a8cfe-2c27-4adb-9ebf-7e50aebb3817}</UniqueIdentifier>
    </Filter>
    <Filter Include="Head\Light">
      <UniqueIdentifier>{7f81821b-7990-480a-8093-6b64e7edbb6b}</UniqueIdentifier>
    </Filter>
    <Filter Include="Head\Mesh">
      <UniqueIdentifier>{6320af66-3f7b-4086-b690-65ada346fa7f}</UniqueIdentifier>
    </Filter>
    <Filter Include="Plugin">
      <UniqueIdentifier>{3b0306b1-0640-41c6-bf7e-864973371d87}</UniqueIdentifier>
    </Filter>
    <Filter Include="Plugin\imgui">
      <UniqueIdentifier>{80312344-25b2-4583-b476-24baa9082e50}</UniqueIdentifier>
    </Filter>
    <Filter Include="Plugin\glad">
      <UniqueIdentifier>{8c16bc71-1d6f-442b-9c7c-cd55b8ff7cc5}</UniqueIdentifier>
    </Filter>
    <Filter Include="Source\Mesh">
      <UniqueIdentifier>{cd5b64a8-3ccc-45c3-b3ec-dbb06d6afe33}</UniqueIdentifier>
    </Filter>
    <Filter Include="Head\Core">
      <UniqueIdentifier>{9a84ad21-3bc0-4b71-805c-b5add76aed37}</UniqueIdentifier>
    </Filter>
    <Filter Include="Head\Core\Render">
      <UniqueIdentifier>{dfe63211-f104-4ef3-a323-2ff7d64c56c9}</UniqueIdentifier>
    </Filter>
    <Filter Include="Head\Core\Object">
      <UniqueIdentifier>{6b6b554e-6e78-4035-9755-69d051f982df}</UniqueIdentifier>
    </Filter>
    <Filter Include="resource\Picture\Skybox">
      <UniqueIdentifier>{97cddf6c-9a81-4c27-9642-5ce61e754b05}</UniqueIdentifier>
    </Filter>
  </ItemGroup>
  <ItemGroup>
    <ClCompile Include="Plugin\imgui\imgui.cpp">
      <Filter>Plugin\imgui</Filter>
    </ClCompile>
    <ClCompile Include="Plugin\imgui\imgui_demo.cpp">
      <Filter>Plugin\imgui</Filter>
    </ClCompile>
    <ClCompile Include="Plugin\imgui\imgui_draw.cpp">
      <Filter>Plugin\imgui</Filter>
    </ClCompile>
    <ClCompile Include="Plugin\imgui\imgui_tables.cpp">
      <Filter>Plugin\imgui</Filter>
    </ClCompile>
    <ClCompile Include="Plugin\imgui\imgui_widgets.cpp">
      <Filter>Plugin\imgui</Filter>
    </ClCompile>
    <ClCompile Include="Plugin\imgui\imgui_impl_glfw.cpp">
      <Filter>Plugin\imgui</Filter>
    </ClCompile>
    <ClCompile Include="Plugin\imgui\imgui_impl_opengl3.cpp">
      <Filter>Plugin\imgui</Filter>
    </ClCompile>
    <ClCompile Include="Beginner\Beginner.cpp">
      <Filter>Source</Filter>
    </ClCompile>
    <ClCompile Include="Plugin\glad.c">
      <Filter>Plugin\glad</Filter>
    </ClCompile>
    <ClCompile Include="Beginner\Core\GraphicBooster.cpp">
      <Filter>Source\Manager</Filter>
    </ClCompile>
    <ClCompile Include="Beginner\Mesh\basic_mesh.h">
      <Filter>Head\Mesh</Filter>
    </ClCompile>
  </ItemGroup>
  <ItemGroup>
    <ClInclude Include="Plugin\stb_image.h">
      <Filter>Head\Plugin</Filter>
    </ClInclude>
    <ClInclude Include="Plugin\imgui\imconfig.h">
      <Filter>Plugin\imgui</Filter>
    </ClInclude>
    <ClInclude Include="Plugin\imgui\imgui.h">
      <Filter>Plugin\imgui</Filter>
    </ClInclude>
    <ClInclude Include="Plugin\imgui\imgui_internal.h">
      <Filter>Plugin\imgui</Filter>
    </ClInclude>
    <ClInclude Include="Plugin\imgui\imstb_rectpack.h">
      <Filter>Plugin\imgui</Filter>
    </ClInclude>
    <ClInclude Include="Plugin\imgui\imstb_textedit.h">
      <Filter>Plugin\imgui</Filter>
    </ClInclude>
    <ClInclude Include="Plugin\imgui\imstb_truetype.h">
      <Filter>Plugin\imgui</Filter>
    </ClInclude>
    <ClInclude Include="Plugin\imgui\imgui_impl_glfw.h">
      <Filter>Plugin\imgui</Filter>
    </ClInclude>
    <ClInclude Include="Plugin\imgui\imgui_impl_opengl3.h">
      <Filter>Plugin\imgui</Filter>
    </ClInclude>
    <ClInclude Include="Plugin\imgui\imgui_impl_opengl3_loader.h">
      <Filter>Plugin\imgui</Filter>
    </ClInclude>
    <ClInclude Include="Beginner\Core\DisplayManager.h">
      <Filter>Head\Manager</Filter>
    </ClInclude>
    <ClInclude Include="Beginner\Core\GraphicBooster.h">
      <Filter>Head\Manager</Filter>
    </ClInclude>
    <ClInclude Include="Beginner\Core\Display.h">
      <Filter>Head</Filter>
    </ClInclude>
    <ClInclude Include="Beginner\Mesh\Mesh.h">
      <Filter>Head\Mesh</Filter>
    </ClInclude>
    <ClInclude Include="Beginner\Mesh\Model.h">
      <Filter>Head\Mesh</Filter>
    </ClInclude>
    <ClInclude Include="Beginner\Tool\Camera.h">
      <Filter>Head\Tool</Filter>
    </ClInclude>
    <ClInclude Include="Beginner\Tool\CameraControl.h">
      <Filter>Head\Tool</Filter>
    </ClInclude>
    <ClInclude Include="Beginner\Tool\ImGuiWindow.h">
      <Filter>Head\Tool</Filter>
    </ClInclude>
    <ClInclude Include="Beginner\Tool\Shader.h">
      <Filter>Head\Tool</Filter>
    </ClInclude>
    <ClInclude Include="Beginner\Light\DirectionLight.h">
      <Filter>Head\Light</Filter>
    </ClInclude>
    <ClInclude Include="Beginner\Light\Light.h">
      <Filter>Head\Light</Filter>
    </ClInclude>
    <ClInclude Include="Beginner\Mesh\mesh_renderer.h">
      <Filter>Head\Mesh</Filter>
    </ClInclude>
    <ClInclude Include="Beginner\Mesh\material.h">
      <Filter>Head\Mesh</Filter>
    </ClInclude>
    <ClInclude Include="Beginner\Core\Render\render_pass.h">
      <Filter>Head\Core\Render</Filter>
    </ClInclude>
    <ClInclude Include="Beginner\Core\Object\object.h">
      <Filter>Head\Core\Object</Filter>
    </ClInclude>
    <ClInclude Include="Beginner\Tool\resource_manager.h">
      <Filter>Head\Tool</Filter>
    </ClInclude>
  </ItemGroup>
  <ItemGroup>
    <Image Include="Resource\awesomeface.png">
      <Filter>resource\Picture</Filter>
    </Image>
    <Image Include="Resource\container.jpg">
      <Filter>resource\Picture</Filter>
    </Image>
    <Image Include="Resource\container2.png">
      <Filter>resource\Picture</Filter>
    </Image>
    <Image Include="Resource\container2_specular.png">
      <Filter>resource\Picture</Filter>
    </Image>
    <Image Include="Resource\lighting_maps_specular_color.png">
      <Filter>resource\Picture</Filter>
    </Image>
    <Image Include="Resource\matrix.jpg">
      <Filter>resource\Picture</Filter>
    </Image>
    <Image Include="Resource\blending_transparent_window.png">
      <Filter>resource\Picture</Filter>
    </Image>
    <Image Include="Resource\grass.png">
      <Filter>resource\Picture</Filter>
    </Image>
    <Image Include="Resource\skybox\back.jpg">
      <Filter>resource\Picture\Skybox</Filter>
    </Image>
    <Image Include="Resource\skybox\bottom.jpg">
      <Filter>resource\Picture\Skybox</Filter>
    </Image>
    <Image Include="Resource\skybox\front.jpg">
      <Filter>resource\Picture\Skybox</Filter>
    </Image>
    <Image Include="Resource\skybox\left.jpg">
      <Filter>resource\Picture\Skybox</Filter>
    </Image>
    <Image Include="Resource\skybox\right.jpg">
      <Filter>resource\Picture\Skybox</Filter>
    </Image>
    <Image Include="Resource\skybox\top.jpg">
      <Filter>resource\Picture\Skybox</Filter>
    </Image>
  </ItemGroup>
  <ItemGroup>
    <None Include="Beginner\Shader\Outline.frag">
      <Filter>Shader</Filter>
    </None>
    <None Include="Beginner\Shader\Outline.vert">
      <Filter>Shader</Filter>
    </None>
    <None Include="Beginner\Shader\StandardLightShader.frag">
      <Filter>Shader</Filter>
    </None>
    <None Include="Beginner\Shader\StandardLightShader.vert">
      <Filter>Shader</Filter>
    </None>
    <None Include="Beginner\Shader\Grass.frag">
      <Filter>Shader</Filter>
    </None>
    <None Include="Beginner\Shader\Grass.vert">
      <Filter>Shader</Filter>
    </None>
    <None Include="Beginner\Shader\GlScreen.vert">
      <Filter>Shader</Filter>
    </None>
    <None Include="Beginner\Shader\GlScreen.frag">
      <Filter>Shader</Filter>
    </None>
    <None Include="Beginner\Shader\skybox.vert">
      <Filter>Shader</Filter>
    </None>
    <None Include="Beginner\Shader\skybox.frag">
      <Filter>Shader</Filter>
    </None>
    <None Include="Beginner\Shader\reflect.vert">
      <Filter>Shader</Filter>
    </None>
    <None Include="Beginner\Shader\reflect.frag">
      <Filter>Shader</Filter>
    </None>
    <None Include="Beginner\Shader\refract.vert">
      <Filter>Shader</Filter>
    </None>
    <None Include="Beginner\Shader\refract.frag">
      <Filter>Shader</Filter>
    </None>
    <None Include="Beginner\Shader\gl_param.vert">
      <Filter>Shader</Filter>
    </None>
    <None Include="Beginner\Shader\gl_param.frag">
      <Filter>Shader</Filter>
    </None>
    <None Include="Beginner\Shader\gl_shader_global.vert">
      <Filter>Shader</Filter>
    </None>
    <None Include="Beginner\Shader\gl_shader_global.frag">
      <Filter>Shader</Filter>
    </None>
  </ItemGroup>
</Project>